// !$*UTF8*$!
{
	archiveVersion = 1;
	classes = {
	};
	objectVersion = 46;
	objects = {

/* Begin PBXBuildFile section */
		1060F2EC1CC9589C00734F44 /* ItemDetail.swift in Sources */ = {isa = PBXBuildFile; fileRef = 1060F2EB1CC9589C00734F44 /* ItemDetail.swift */; };
		107338A31CCB3C1A00011128 /* CustomView.xib in Resources */ = {isa = PBXBuildFile; fileRef = 107338A21CCB3C1A00011128 /* CustomView.xib */; };
		107A05591CCB77D1008D6BAF /* OverlayView.xib in Resources */ = {isa = PBXBuildFile; fileRef = 107A05581CCB77D1008D6BAF /* OverlayView.xib */; };
		5002F5551CC411B500894BBE /* SettingsViewController.swift in Sources */ = {isa = PBXBuildFile; fileRef = 5002F5541CC411B500894BBE /* SettingsViewController.swift */; };
		5008786B1CCDB73700E83CD8 /* CustomCell.swift in Sources */ = {isa = PBXBuildFile; fileRef = 5008786A1CCDB73700E83CD8 /* CustomCell.swift */; };
		501755F91CBAD84000239F9E /* PictureView.swift in Sources */ = {isa = PBXBuildFile; fileRef = 501755F81CBAD84000239F9E /* PictureView.swift */; };
		501755FB1CBADA0500239F9E /* MessageViewController.swift in Sources */ = {isa = PBXBuildFile; fileRef = 501755FA1CBADA0500239F9E /* MessageViewController.swift */; };
		506231931CA16EAA00E070A9 /* PhotoViewController.swift in Sources */ = {isa = PBXBuildFile; fileRef = 506231921CA16EAA00E070A9 /* PhotoViewController.swift */; };
		506231951CA17AC000E070A9 /* MoreViewController.swift in Sources */ = {isa = PBXBuildFile; fileRef = 506231941CA17AC000E070A9 /* MoreViewController.swift */; };
		506231971CA1847A00E070A9 /* SwipeViewController.swift in Sources */ = {isa = PBXBuildFile; fileRef = 506231961CA1847A00E070A9 /* SwipeViewController.swift */; };
		508921001CC6695F002C0082 /* User.swift in Sources */ = {isa = PBXBuildFile; fileRef = 508920FF1CC6695F002C0082 /* User.swift */; };
		50B7F8871C886EA40026B95F /* AppDelegate.swift in Sources */ = {isa = PBXBuildFile; fileRef = 50B7F8861C886EA40026B95F /* AppDelegate.swift */; };
		50B7F8891C886EA40026B95F /* ViewController.swift in Sources */ = {isa = PBXBuildFile; fileRef = 50B7F8881C886EA40026B95F /* ViewController.swift */; };
		50B7F88C1C886EA40026B95F /* Main.storyboard in Resources */ = {isa = PBXBuildFile; fileRef = 50B7F88A1C886EA40026B95F /* Main.storyboard */; };
		50B7F88E1C886EA40026B95F /* Assets.xcassets in Resources */ = {isa = PBXBuildFile; fileRef = 50B7F88D1C886EA40026B95F /* Assets.xcassets */; };
		50B7F8911C886EA40026B95F /* LaunchScreen.storyboard in Resources */ = {isa = PBXBuildFile; fileRef = 50B7F88F1C886EA40026B95F /* LaunchScreen.storyboard */; };
		50B7F89C1C886EA50026B95F /* aggleTests.swift in Sources */ = {isa = PBXBuildFile; fileRef = 50B7F89B1C886EA50026B95F /* aggleTests.swift */; };
		50B7F8A71C886EA50026B95F /* aggleUITests.swift in Sources */ = {isa = PBXBuildFile; fileRef = 50B7F8A61C886EA50026B95F /* aggleUITests.swift */; };
		50B7F8B71C88735D0026B95F /* FBSDKCoreKit.framework in Frameworks */ = {isa = PBXBuildFile; fileRef = 50B7F8B61C88735D0026B95F /* FBSDKCoreKit.framework */; };
		50B7F8B91C8873810026B95F /* FBSDKLoginKit.framework in Frameworks */ = {isa = PBXBuildFile; fileRef = 50B7F8B81C8873810026B95F /* FBSDKLoginKit.framework */; };
		50ED753D1CCD5CC300ED58DD /* ConvoViewController.swift in Sources */ = {isa = PBXBuildFile; fileRef = 50ED753C1CCD5CC300ED58DD /* ConvoViewController.swift */; };
		B9CB06E51CCD68C100CD27E4 /* ConvoTableViewCell.swift in Sources */ = {isa = PBXBuildFile; fileRef = B9CB06E41CCD68C100CD27E4 /* ConvoTableViewCell.swift */; };
		B9CB06E71CCD6F6000CD27E4 /* Convo.swift in Sources */ = {isa = PBXBuildFile; fileRef = B9CB06E61CCD6F6000CD27E4 /* Convo.swift */; };
		B9CB06E91CCD6FC400CD27E4 /* Message.swift in Sources */ = {isa = PBXBuildFile; fileRef = B9CB06E81CCD6FC400CD27E4 /* Message.swift */; };
		B9CB06EB1CCD74E200CD27E4 /* Item.swift in Sources */ = {isa = PBXBuildFile; fileRef = B9CB06EA1CCD74E200CD27E4 /* Item.swift */; };
		E605104F1CC901830011A4AE /* BackgroundAnimationViewController.swift in Sources */ = {isa = PBXBuildFile; fileRef = E60510481CC901830011A4AE /* BackgroundAnimationViewController.swift */; };
		E60510501CC901830011A4AE /* BackgroundKolodaAnimator.swift in Sources */ = {isa = PBXBuildFile; fileRef = E60510491CC901830011A4AE /* BackgroundKolodaAnimator.swift */; };
		E60510511CC901830011A4AE /* ExampleOverlayView.swift in Sources */ = {isa = PBXBuildFile; fileRef = E605104A1CC901830011A4AE /* ExampleOverlayView.swift */; };
		E60510521CC901830011A4AE /* CustomKolodaView.swift in Sources */ = {isa = PBXBuildFile; fileRef = E605104B1CC901830011A4AE /* CustomKolodaView.swift */; };
		E60510531CC901830011A4AE /* CustomOverlayView.swift in Sources */ = {isa = PBXBuildFile; fileRef = E605104C1CC901830011A4AE /* CustomOverlayView.swift */; };
		E60510551CC901830011A4AE /* CustomOverlayView.xib in Resources */ = {isa = PBXBuildFile; fileRef = E605104E1CC901830011A4AE /* CustomOverlayView.xib */; };
		F86F12CFF71AC64B9C820464 /* Pods.framework in Frameworks */ = {isa = PBXBuildFile; fileRef = 050B985DA0A195DC96DEDBED /* Pods.framework */; };
/* End PBXBuildFile section */

/* Begin PBXContainerItemProxy section */
		50B7F8981C886EA50026B95F /* PBXContainerItemProxy */ = {
			isa = PBXContainerItemProxy;
			containerPortal = 50B7F87B1C886EA40026B95F /* Project object */;
			proxyType = 1;
			remoteGlobalIDString = 50B7F8821C886EA40026B95F;
			remoteInfo = aggle;
		};
		50B7F8A31C886EA50026B95F /* PBXContainerItemProxy */ = {
			isa = PBXContainerItemProxy;
			containerPortal = 50B7F87B1C886EA40026B95F /* Project object */;
			proxyType = 1;
			remoteGlobalIDString = 50B7F8821C886EA40026B95F;
			remoteInfo = aggle;
		};
/* End PBXContainerItemProxy section */

/* Begin PBXFileReference section */
		050B985DA0A195DC96DEDBED /* Pods.framework */ = {isa = PBXFileReference; explicitFileType = wrapper.framework; includeInIndex = 0; path = Pods.framework; sourceTree = BUILT_PRODUCTS_DIR; };
		1060F2EB1CC9589C00734F44 /* ItemDetail.swift */ = {isa = PBXFileReference; fileEncoding = 4; lastKnownFileType = sourcecode.swift; path = ItemDetail.swift; sourceTree = "<group>"; };
		107338A21CCB3C1A00011128 /* CustomView.xib */ = {isa = PBXFileReference; fileEncoding = 4; lastKnownFileType = file.xib; path = CustomView.xib; sourceTree = "<group>"; };
		107A05581CCB77D1008D6BAF /* OverlayView.xib */ = {isa = PBXFileReference; fileEncoding = 4; lastKnownFileType = file.xib; path = OverlayView.xib; sourceTree = "<group>"; };
		488765526E1E050F02943ABB /* Pods.release.xcconfig */ = {isa = PBXFileReference; includeInIndex = 1; lastKnownFileType = text.xcconfig; name = Pods.release.xcconfig; path = "Pods/Target Support Files/Pods/Pods.release.xcconfig"; sourceTree = "<group>"; };
		5002F5541CC411B500894BBE /* SettingsViewController.swift */ = {isa = PBXFileReference; fileEncoding = 4; lastKnownFileType = sourcecode.swift; path = SettingsViewController.swift; sourceTree = "<group>"; };
		5008786A1CCDB73700E83CD8 /* CustomCell.swift */ = {isa = PBXFileReference; fileEncoding = 4; lastKnownFileType = sourcecode.swift; path = CustomCell.swift; sourceTree = "<group>"; };
		501755F81CBAD84000239F9E /* PictureView.swift */ = {isa = PBXFileReference; fileEncoding = 4; lastKnownFileType = sourcecode.swift; path = PictureView.swift; sourceTree = "<group>"; };
		501755FA1CBADA0500239F9E /* MessageViewController.swift */ = {isa = PBXFileReference; fileEncoding = 4; lastKnownFileType = sourcecode.swift; path = MessageViewController.swift; sourceTree = "<group>"; };
		506231921CA16EAA00E070A9 /* PhotoViewController.swift */ = {isa = PBXFileReference; fileEncoding = 4; lastKnownFileType = sourcecode.swift; path = PhotoViewController.swift; sourceTree = "<group>"; };
		506231941CA17AC000E070A9 /* MoreViewController.swift */ = {isa = PBXFileReference; fileEncoding = 4; lastKnownFileType = sourcecode.swift; path = MoreViewController.swift; sourceTree = "<group>"; };
		506231961CA1847A00E070A9 /* SwipeViewController.swift */ = {isa = PBXFileReference; fileEncoding = 4; lastKnownFileType = sourcecode.swift; path = SwipeViewController.swift; sourceTree = "<group>"; };
		508920FF1CC6695F002C0082 /* User.swift */ = {isa = PBXFileReference; fileEncoding = 4; lastKnownFileType = sourcecode.swift; path = User.swift; sourceTree = "<group>"; };
		50B7F8831C886EA40026B95F /* aggle.app */ = {isa = PBXFileReference; explicitFileType = wrapper.application; includeInIndex = 0; path = aggle.app; sourceTree = BUILT_PRODUCTS_DIR; };
		50B7F8861C886EA40026B95F /* AppDelegate.swift */ = {isa = PBXFileReference; lastKnownFileType = sourcecode.swift; path = AppDelegate.swift; sourceTree = "<group>"; };
		50B7F8881C886EA40026B95F /* ViewController.swift */ = {isa = PBXFileReference; lastKnownFileType = sourcecode.swift; path = ViewController.swift; sourceTree = "<group>"; };
		50B7F88B1C886EA40026B95F /* Base */ = {isa = PBXFileReference; lastKnownFileType = file.storyboard; name = Base; path = Base.lproj/Main.storyboard; sourceTree = "<group>"; };
		50B7F88D1C886EA40026B95F /* Assets.xcassets */ = {isa = PBXFileReference; lastKnownFileType = folder.assetcatalog; path = Assets.xcassets; sourceTree = "<group>"; };
		50B7F8901C886EA40026B95F /* Base */ = {isa = PBXFileReference; lastKnownFileType = file.storyboard; name = Base; path = Base.lproj/LaunchScreen.storyboard; sourceTree = "<group>"; };
		50B7F8921C886EA40026B95F /* Info.plist */ = {isa = PBXFileReference; lastKnownFileType = text.plist.xml; path = Info.plist; sourceTree = "<group>"; };
		50B7F8971C886EA50026B95F /* aggleTests.xctest */ = {isa = PBXFileReference; explicitFileType = wrapper.cfbundle; includeInIndex = 0; path = aggleTests.xctest; sourceTree = BUILT_PRODUCTS_DIR; };
		50B7F89B1C886EA50026B95F /* aggleTests.swift */ = {isa = PBXFileReference; lastKnownFileType = sourcecode.swift; path = aggleTests.swift; sourceTree = "<group>"; };
		50B7F89D1C886EA50026B95F /* Info.plist */ = {isa = PBXFileReference; lastKnownFileType = text.plist.xml; path = Info.plist; sourceTree = "<group>"; };
		50B7F8A21C886EA50026B95F /* aggleUITests.xctest */ = {isa = PBXFileReference; explicitFileType = wrapper.cfbundle; includeInIndex = 0; path = aggleUITests.xctest; sourceTree = BUILT_PRODUCTS_DIR; };
		50B7F8A61C886EA50026B95F /* aggleUITests.swift */ = {isa = PBXFileReference; lastKnownFileType = sourcecode.swift; path = aggleUITests.swift; sourceTree = "<group>"; };
		50B7F8A81C886EA50026B95F /* Info.plist */ = {isa = PBXFileReference; lastKnownFileType = text.plist.xml; path = Info.plist; sourceTree = "<group>"; };
		50B7F8B61C88735D0026B95F /* FBSDKCoreKit.framework */ = {isa = PBXFileReference; lastKnownFileType = wrapper.framework; path = FBSDKCoreKit.framework; sourceTree = "<group>"; };
		50B7F8B81C8873810026B95F /* FBSDKLoginKit.framework */ = {isa = PBXFileReference; lastKnownFileType = wrapper.framework; path = FBSDKLoginKit.framework; sourceTree = "<group>"; };
		50ED753C1CCD5CC300ED58DD /* ConvoViewController.swift */ = {isa = PBXFileReference; fileEncoding = 4; lastKnownFileType = sourcecode.swift; path = ConvoViewController.swift; sourceTree = "<group>"; };
		7B8120F5DEE341B23F051E86 /* Pods.debug.xcconfig */ = {isa = PBXFileReference; includeInIndex = 1; lastKnownFileType = text.xcconfig; name = Pods.debug.xcconfig; path = "Pods/Target Support Files/Pods/Pods.debug.xcconfig"; sourceTree = "<group>"; };
		B9CB06E41CCD68C100CD27E4 /* ConvoTableViewCell.swift */ = {isa = PBXFileReference; fileEncoding = 4; lastKnownFileType = sourcecode.swift; path = ConvoTableViewCell.swift; sourceTree = "<group>"; };
		B9CB06E61CCD6F6000CD27E4 /* Convo.swift */ = {isa = PBXFileReference; fileEncoding = 4; lastKnownFileType = sourcecode.swift; path = Convo.swift; sourceTree = "<group>"; };
		B9CB06E81CCD6FC400CD27E4 /* Message.swift */ = {isa = PBXFileReference; fileEncoding = 4; lastKnownFileType = sourcecode.swift; path = Message.swift; sourceTree = "<group>"; };
		B9CB06EA1CCD74E200CD27E4 /* Item.swift */ = {isa = PBXFileReference; fileEncoding = 4; lastKnownFileType = sourcecode.swift; path = Item.swift; sourceTree = "<group>"; };
		E60510481CC901830011A4AE /* BackgroundAnimationViewController.swift */ = {isa = PBXFileReference; fileEncoding = 4; lastKnownFileType = sourcecode.swift; path = BackgroundAnimationViewController.swift; sourceTree = "<group>"; };
		E60510491CC901830011A4AE /* BackgroundKolodaAnimator.swift */ = {isa = PBXFileReference; fileEncoding = 4; lastKnownFileType = sourcecode.swift; path = BackgroundKolodaAnimator.swift; sourceTree = "<group>"; };
		E605104A1CC901830011A4AE /* ExampleOverlayView.swift */ = {isa = PBXFileReference; fileEncoding = 4; lastKnownFileType = sourcecode.swift; path = ExampleOverlayView.swift; sourceTree = "<group>"; };
		E605104B1CC901830011A4AE /* CustomKolodaView.swift */ = {isa = PBXFileReference; fileEncoding = 4; lastKnownFileType = sourcecode.swift; path = CustomKolodaView.swift; sourceTree = "<group>"; };
		E605104C1CC901830011A4AE /* CustomOverlayView.swift */ = {isa = PBXFileReference; fileEncoding = 4; lastKnownFileType = sourcecode.swift; path = CustomOverlayView.swift; sourceTree = "<group>"; };
		E605104E1CC901830011A4AE /* CustomOverlayView.xib */ = {isa = PBXFileReference; fileEncoding = 4; lastKnownFileType = file.xib; path = CustomOverlayView.xib; sourceTree = "<group>"; };
/* End PBXFileReference section */

/* Begin PBXFrameworksBuildPhase section */
		50B7F8801C886EA40026B95F /* Frameworks */ = {
			isa = PBXFrameworksBuildPhase;
			buildActionMask = 2147483647;
			files = (
				50B7F8B91C8873810026B95F /* FBSDKLoginKit.framework in Frameworks */,
				50B7F8B71C88735D0026B95F /* FBSDKCoreKit.framework in Frameworks */,
				F86F12CFF71AC64B9C820464 /* Pods.framework in Frameworks */,
			);
			runOnlyForDeploymentPostprocessing = 0;
		};
		50B7F8941C886EA50026B95F /* Frameworks */ = {
			isa = PBXFrameworksBuildPhase;
			buildActionMask = 2147483647;
			files = (
			);
			runOnlyForDeploymentPostprocessing = 0;
		};
		50B7F89F1C886EA50026B95F /* Frameworks */ = {
			isa = PBXFrameworksBuildPhase;
			buildActionMask = 2147483647;
			files = (
			);
			runOnlyForDeploymentPostprocessing = 0;
		};
/* End PBXFrameworksBuildPhase section */

/* Begin PBXGroup section */
		50B7F87A1C886EA40026B95F = {
			isa = PBXGroup;
			children = (
				50B7F8851C886EA40026B95F /* aggle */,
				50B7F89A1C886EA50026B95F /* aggleTests */,
				50B7F8A51C886EA50026B95F /* aggleUITests */,
				50B7F8841C886EA40026B95F /* Products */,
				675DA768656AD6B2D5CE6CF5 /* Pods */,
				C806CDF9489E75856A5CFAE1 /* Frameworks */,
			);
			sourceTree = "<group>";
		};
		50B7F8841C886EA40026B95F /* Products */ = {
			isa = PBXGroup;
			children = (
				50B7F8831C886EA40026B95F /* aggle.app */,
				50B7F8971C886EA50026B95F /* aggleTests.xctest */,
				50B7F8A21C886EA50026B95F /* aggleUITests.xctest */,
			);
			name = Products;
			sourceTree = "<group>";
		};
		50B7F8851C886EA40026B95F /* aggle */ = {
			isa = PBXGroup;
			children = (
				50B7F8B81C8873810026B95F /* FBSDKLoginKit.framework */,
				50B7F8B61C88735D0026B95F /* FBSDKCoreKit.framework */,
				B9CB06EC1CCD74F900CD27E4 /* Models */,
				B9B76B941CCF9BB700E6006A /* Views */,
				B9B76B931CCF9B7700E6006A /* Controllers */,
				50B7F88D1C886EA40026B95F /* Assets.xcassets */,
				50B7F8861C886EA40026B95F /* AppDelegate.swift */,
				50B7F88A1C886EA40026B95F /* Main.storyboard */,
				50B7F88F1C886EA40026B95F /* LaunchScreen.storyboard */,
				107A05581CCB77D1008D6BAF /* OverlayView.xib */,
				E605104E1CC901830011A4AE /* CustomOverlayView.xib */,
				107338A21CCB3C1A00011128 /* CustomView.xib */,
				50B7F8921C886EA40026B95F /* Info.plist */,
			);
			path = aggle;
			sourceTree = "<group>";
		};
		50B7F89A1C886EA50026B95F /* aggleTests */ = {
			isa = PBXGroup;
			children = (
				50B7F89B1C886EA50026B95F /* aggleTests.swift */,
				50B7F89D1C886EA50026B95F /* Info.plist */,
			);
			path = aggleTests;
			sourceTree = "<group>";
		};
		50B7F8A51C886EA50026B95F /* aggleUITests */ = {
			isa = PBXGroup;
			children = (
				50B7F8A61C886EA50026B95F /* aggleUITests.swift */,
				50B7F8A81C886EA50026B95F /* Info.plist */,
			);
			path = aggleUITests;
			sourceTree = "<group>";
		};
		675DA768656AD6B2D5CE6CF5 /* Pods */ = {
			isa = PBXGroup;
			children = (
				7B8120F5DEE341B23F051E86 /* Pods.debug.xcconfig */,
				488765526E1E050F02943ABB /* Pods.release.xcconfig */,
			);
			name = Pods;
			sourceTree = "<group>";
		};
		B9B76B931CCF9B7700E6006A /* Controllers */ = {
			isa = PBXGroup;
			children = (
				50B7F8881C886EA40026B95F /* ViewController.swift */,
				1060F2EB1CC9589C00734F44 /* ItemDetail.swift */,
				506231921CA16EAA00E070A9 /* PhotoViewController.swift */,
				50ED753C1CCD5CC300ED58DD /* ConvoViewController.swift */,
				501755FA1CBADA0500239F9E /* MessageViewController.swift */,
				506231941CA17AC000E070A9 /* MoreViewController.swift */,
				5002F5541CC411B500894BBE /* SettingsViewController.swift */,
				E60510481CC901830011A4AE /* BackgroundAnimationViewController.swift */,
				506231961CA1847A00E070A9 /* SwipeViewController.swift */,
			);
			name = Controllers;
			sourceTree = "<group>";
		};
		B9B76B941CCF9BB700E6006A /* Views */ = {
			isa = PBXGroup;
			children = (
				501755F81CBAD84000239F9E /* PictureView.swift */,
				B9CB06E41CCD68C100CD27E4 /* ConvoTableViewCell.swift */,
				5008786A1CCDB73700E83CD8 /* CustomCell.swift */,
				E605104C1CC901830011A4AE /* CustomOverlayView.swift */,
				E605104B1CC901830011A4AE /* CustomKolodaView.swift */,
				E605104A1CC901830011A4AE /* ExampleOverlayView.swift */,
				E60510491CC901830011A4AE /* BackgroundKolodaAnimator.swift */,
			);
			name = Views;
			sourceTree = "<group>";
		};
		B9CB06EC1CCD74F900CD27E4 /* Models */ = {
			isa = PBXGroup;
			children = (
				B9CB06E81CCD6FC400CD27E4 /* Message.swift */,
				B9CB06EA1CCD74E200CD27E4 /* Item.swift */,
				B9CB06E61CCD6F6000CD27E4 /* Convo.swift */,
				508920FF1CC6695F002C0082 /* User.swift */,
			);
			name = Models;
			sourceTree = "<group>";
		};
		C806CDF9489E75856A5CFAE1 /* Frameworks */ = {
			isa = PBXGroup;
			children = (
				050B985DA0A195DC96DEDBED /* Pods.framework */,
			);
			name = Frameworks;
			sourceTree = "<group>";
		};
/* End PBXGroup section */

/* Begin PBXNativeTarget section */
		50B7F8821C886EA40026B95F /* aggle */ = {
			isa = PBXNativeTarget;
			buildConfigurationList = 50B7F8AB1C886EA50026B95F /* Build configuration list for PBXNativeTarget "aggle" */;
			buildPhases = (
				6F4A548C9A7CA032062C2590 /* Check Pods Manifest.lock */,
				50B7F87F1C886EA40026B95F /* Sources */,
				50B7F8801C886EA40026B95F /* Frameworks */,
				50B7F8811C886EA40026B95F /* Resources */,
				7FD6DABA7D4F48954F51558A /* Embed Pods Frameworks */,
				DA086F7FF3D36C1C23B7D411 /* Copy Pods Resources */,
			);
			buildRules = (
			);
			dependencies = (
			);
			name = aggle;
			productName = aggle;
			productReference = 50B7F8831C886EA40026B95F /* aggle.app */;
			productType = "com.apple.product-type.application";
		};
		50B7F8961C886EA50026B95F /* aggleTests */ = {
			isa = PBXNativeTarget;
			buildConfigurationList = 50B7F8AE1C886EA50026B95F /* Build configuration list for PBXNativeTarget "aggleTests" */;
			buildPhases = (
				50B7F8931C886EA50026B95F /* Sources */,
				50B7F8941C886EA50026B95F /* Frameworks */,
				50B7F8951C886EA50026B95F /* Resources */,
			);
			buildRules = (
			);
			dependencies = (
				50B7F8991C886EA50026B95F /* PBXTargetDependency */,
			);
			name = aggleTests;
			productName = aggleTests;
			productReference = 50B7F8971C886EA50026B95F /* aggleTests.xctest */;
			productType = "com.apple.product-type.bundle.unit-test";
		};
		50B7F8A11C886EA50026B95F /* aggleUITests */ = {
			isa = PBXNativeTarget;
			buildConfigurationList = 50B7F8B11C886EA50026B95F /* Build configuration list for PBXNativeTarget "aggleUITests" */;
			buildPhases = (
				50B7F89E1C886EA50026B95F /* Sources */,
				50B7F89F1C886EA50026B95F /* Frameworks */,
				50B7F8A01C886EA50026B95F /* Resources */,
			);
			buildRules = (
			);
			dependencies = (
				50B7F8A41C886EA50026B95F /* PBXTargetDependency */,
			);
			name = aggleUITests;
			productName = aggleUITests;
			productReference = 50B7F8A21C886EA50026B95F /* aggleUITests.xctest */;
			productType = "com.apple.product-type.bundle.ui-testing";
		};
/* End PBXNativeTarget section */

/* Begin PBXProject section */
		50B7F87B1C886EA40026B95F /* Project object */ = {
			isa = PBXProject;
			attributes = {
				LastSwiftUpdateCheck = 0720;
				LastUpgradeCheck = 0720;
				ORGANIZATIONNAME = Aggle;
				TargetAttributes = {
					50B7F8821C886EA40026B95F = {
						CreatedOnToolsVersion = 7.2.1;
						DevelopmentTeam = WPFZSRF7W9;
					};
					50B7F8961C886EA50026B95F = {
						CreatedOnToolsVersion = 7.2.1;
						TestTargetID = 50B7F8821C886EA40026B95F;
					};
					50B7F8A11C886EA50026B95F = {
						CreatedOnToolsVersion = 7.2.1;
						TestTargetID = 50B7F8821C886EA40026B95F;
					};
				};
			};
			buildConfigurationList = 50B7F87E1C886EA40026B95F /* Build configuration list for PBXProject "aggle" */;
			compatibilityVersion = "Xcode 3.2";
			developmentRegion = English;
			hasScannedForEncodings = 0;
			knownRegions = (
				en,
				Base,
			);
			mainGroup = 50B7F87A1C886EA40026B95F;
			productRefGroup = 50B7F8841C886EA40026B95F /* Products */;
			projectDirPath = "";
			projectRoot = "";
			targets = (
				50B7F8821C886EA40026B95F /* aggle */,
				50B7F8961C886EA50026B95F /* aggleTests */,
				50B7F8A11C886EA50026B95F /* aggleUITests */,
			);
		};
/* End PBXProject section */

/* Begin PBXResourcesBuildPhase section */
		50B7F8811C886EA40026B95F /* Resources */ = {
			isa = PBXResourcesBuildPhase;
			buildActionMask = 2147483647;
			files = (
				107A05591CCB77D1008D6BAF /* OverlayView.xib in Resources */,
				50B7F8911C886EA40026B95F /* LaunchScreen.storyboard in Resources */,
				E60510551CC901830011A4AE /* CustomOverlayView.xib in Resources */,
				50B7F88E1C886EA40026B95F /* Assets.xcassets in Resources */,
				50B7F88C1C886EA40026B95F /* Main.storyboard in Resources */,
				107338A31CCB3C1A00011128 /* CustomView.xib in Resources */,
			);
			runOnlyForDeploymentPostprocessing = 0;
		};
		50B7F8951C886EA50026B95F /* Resources */ = {
			isa = PBXResourcesBuildPhase;
			buildActionMask = 2147483647;
			files = (
			);
			runOnlyForDeploymentPostprocessing = 0;
		};
		50B7F8A01C886EA50026B95F /* Resources */ = {
			isa = PBXResourcesBuildPhase;
			buildActionMask = 2147483647;
			files = (
			);
			runOnlyForDeploymentPostprocessing = 0;
		};
/* End PBXResourcesBuildPhase section */

/* Begin PBXShellScriptBuildPhase section */
		6F4A548C9A7CA032062C2590 /* Check Pods Manifest.lock */ = {
			isa = PBXShellScriptBuildPhase;
			buildActionMask = 2147483647;
			files = (
			);
			inputPaths = (
			);
			name = "Check Pods Manifest.lock";
			outputPaths = (
			);
			runOnlyForDeploymentPostprocessing = 0;
			shellPath = /bin/sh;
			shellScript = "diff \"${PODS_ROOT}/../Podfile.lock\" \"${PODS_ROOT}/Manifest.lock\" > /dev/null\nif [[ $? != 0 ]] ; then\n    cat << EOM\nerror: The sandbox is not in sync with the Podfile.lock. Run 'pod install' or update your CocoaPods installation.\nEOM\n    exit 1\nfi\n";
			showEnvVarsInLog = 0;
		};
		7FD6DABA7D4F48954F51558A /* Embed Pods Frameworks */ = {
			isa = PBXShellScriptBuildPhase;
			buildActionMask = 2147483647;
			files = (
			);
			inputPaths = (
			);
			name = "Embed Pods Frameworks";
			outputPaths = (
			);
			runOnlyForDeploymentPostprocessing = 0;
			shellPath = /bin/sh;
			shellScript = "\"${SRCROOT}/Pods/Target Support Files/Pods/Pods-frameworks.sh\"\n";
			showEnvVarsInLog = 0;
		};
		DA086F7FF3D36C1C23B7D411 /* Copy Pods Resources */ = {
			isa = PBXShellScriptBuildPhase;
			buildActionMask = 2147483647;
			files = (
			);
			inputPaths = (
			);
			name = "Copy Pods Resources";
			outputPaths = (
			);
			runOnlyForDeploymentPostprocessing = 0;
			shellPath = /bin/sh;
			shellScript = "\"${SRCROOT}/Pods/Target Support Files/Pods/Pods-resources.sh\"\n";
			showEnvVarsInLog = 0;
		};
/* End PBXShellScriptBuildPhase section */

/* Begin PBXSourcesBuildPhase section */
		50B7F87F1C886EA40026B95F /* Sources */ = {
			isa = PBXSourcesBuildPhase;
			buildActionMask = 2147483647;
			files = (
				B9CB06EB1CCD74E200CD27E4 /* Item.swift in Sources */,
				506231971CA1847A00E070A9 /* SwipeViewController.swift in Sources */,
				E60510521CC901830011A4AE /* CustomKolodaView.swift in Sources */,
				B9CB06E51CCD68C100CD27E4 /* ConvoTableViewCell.swift in Sources */,
				E60510531CC901830011A4AE /* CustomOverlayView.swift in Sources */,
				50B7F8891C886EA40026B95F /* ViewController.swift in Sources */,
				B9CB06E71CCD6F6000CD27E4 /* Convo.swift in Sources */,
				506231951CA17AC000E070A9 /* MoreViewController.swift in Sources */,
				B9CB06E91CCD6FC400CD27E4 /* Message.swift in Sources */,
				E60510501CC901830011A4AE /* BackgroundKolodaAnimator.swift in Sources */,
				501755F91CBAD84000239F9E /* PictureView.swift in Sources */,
				50B7F8871C886EA40026B95F /* AppDelegate.swift in Sources */,
				50ED753D1CCD5CC300ED58DD /* ConvoViewController.swift in Sources */,
				508921001CC6695F002C0082 /* User.swift in Sources */,
				506231931CA16EAA00E070A9 /* PhotoViewController.swift in Sources */,
				E60510511CC901830011A4AE /* ExampleOverlayView.swift in Sources */,
				501755FB1CBADA0500239F9E /* MessageViewController.swift in Sources */,
				5002F5551CC411B500894BBE /* SettingsViewController.swift in Sources */,
				1060F2EC1CC9589C00734F44 /* ItemDetail.swift in Sources */,
				5008786B1CCDB73700E83CD8 /* CustomCell.swift in Sources */,
				E605104F1CC901830011A4AE /* BackgroundAnimationViewController.swift in Sources */,
			);
			runOnlyForDeploymentPostprocessing = 0;
		};
		50B7F8931C886EA50026B95F /* Sources */ = {
			isa = PBXSourcesBuildPhase;
			buildActionMask = 2147483647;
			files = (
				50B7F89C1C886EA50026B95F /* aggleTests.swift in Sources */,
			);
			runOnlyForDeploymentPostprocessing = 0;
		};
		50B7F89E1C886EA50026B95F /* Sources */ = {
			isa = PBXSourcesBuildPhase;
			buildActionMask = 2147483647;
			files = (
				50B7F8A71C886EA50026B95F /* aggleUITests.swift in Sources */,
			);
			runOnlyForDeploymentPostprocessing = 0;
		};
/* End PBXSourcesBuildPhase section */

/* Begin PBXTargetDependency section */
		50B7F8991C886EA50026B95F /* PBXTargetDependency */ = {
			isa = PBXTargetDependency;
			target = 50B7F8821C886EA40026B95F /* aggle */;
			targetProxy = 50B7F8981C886EA50026B95F /* PBXContainerItemProxy */;
		};
		50B7F8A41C886EA50026B95F /* PBXTargetDependency */ = {
			isa = PBXTargetDependency;
			target = 50B7F8821C886EA40026B95F /* aggle */;
			targetProxy = 50B7F8A31C886EA50026B95F /* PBXContainerItemProxy */;
		};
/* End PBXTargetDependency section */

/* Begin PBXVariantGroup section */
		50B7F88A1C886EA40026B95F /* Main.storyboard */ = {
			isa = PBXVariantGroup;
			children = (
				50B7F88B1C886EA40026B95F /* Base */,
			);
			name = Main.storyboard;
			sourceTree = "<group>";
		};
		50B7F88F1C886EA40026B95F /* LaunchScreen.storyboard */ = {
			isa = PBXVariantGroup;
			children = (
				50B7F8901C886EA40026B95F /* Base */,
			);
			name = LaunchScreen.storyboard;
			sourceTree = "<group>";
		};
/* End PBXVariantGroup section */

/* Begin XCBuildConfiguration section */
		50B7F8A91C886EA50026B95F /* Debug */ = {
			isa = XCBuildConfiguration;
			buildSettings = {
				ALWAYS_SEARCH_USER_PATHS = NO;
				CLANG_CXX_LANGUAGE_STANDARD = "gnu++0x";
				CLANG_CXX_LIBRARY = "libc++";
				CLANG_ENABLE_MODULES = YES;
				CLANG_ENABLE_OBJC_ARC = YES;
				CLANG_WARN_BOOL_CONVERSION = YES;
				CLANG_WARN_CONSTANT_CONVERSION = YES;
				CLANG_WARN_DIRECT_OBJC_ISA_USAGE = YES_ERROR;
				CLANG_WARN_EMPTY_BODY = YES;
				CLANG_WARN_ENUM_CONVERSION = YES;
				CLANG_WARN_INT_CONVERSION = YES;
				CLANG_WARN_OBJC_ROOT_CLASS = YES_ERROR;
				CLANG_WARN_UNREACHABLE_CODE = YES;
				CLANG_WARN__DUPLICATE_METHOD_MATCH = YES;
				"CODE_SIGN_IDENTITY[sdk=iphoneos*]" = "iPhone Developer";
				COPY_PHASE_STRIP = NO;
				DEBUG_INFORMATION_FORMAT = dwarf;
				ENABLE_STRICT_OBJC_MSGSEND = YES;
				ENABLE_TESTABILITY = YES;
				GCC_C_LANGUAGE_STANDARD = gnu99;
				GCC_DYNAMIC_NO_PIC = NO;
				GCC_NO_COMMON_BLOCKS = YES;
				GCC_OPTIMIZATION_LEVEL = 0;
				GCC_PREPROCESSOR_DEFINITIONS = (
					"DEBUG=1",
					"$(inherited)",
				);
				GCC_WARN_64_TO_32_BIT_CONVERSION = YES;
				GCC_WARN_ABOUT_RETURN_TYPE = YES_ERROR;
				GCC_WARN_UNDECLARED_SELECTOR = YES;
				GCC_WARN_UNINITIALIZED_AUTOS = YES_AGGRESSIVE;
				GCC_WARN_UNUSED_FUNCTION = YES;
				GCC_WARN_UNUSED_VARIABLE = YES;
				IPHONEOS_DEPLOYMENT_TARGET = 9.2;
				MTL_ENABLE_DEBUG_INFO = YES;
				ONLY_ACTIVE_ARCH = YES;
				SDKROOT = iphoneos;
				SWIFT_OPTIMIZATION_LEVEL = "-Onone";
				TARGETED_DEVICE_FAMILY = "1,2";
			};
			name = Debug;
		};
		50B7F8AA1C886EA50026B95F /* Release */ = {
			isa = XCBuildConfiguration;
			buildSettings = {
				ALWAYS_SEARCH_USER_PATHS = NO;
				CLANG_CXX_LANGUAGE_STANDARD = "gnu++0x";
				CLANG_CXX_LIBRARY = "libc++";
				CLANG_ENABLE_MODULES = YES;
				CLANG_ENABLE_OBJC_ARC = YES;
				CLANG_WARN_BOOL_CONVERSION = YES;
				CLANG_WARN_CONSTANT_CONVERSION = YES;
				CLANG_WARN_DIRECT_OBJC_ISA_USAGE = YES_ERROR;
				CLANG_WARN_EMPTY_BODY = YES;
				CLANG_WARN_ENUM_CONVERSION = YES;
				CLANG_WARN_INT_CONVERSION = YES;
				CLANG_WARN_OBJC_ROOT_CLASS = YES_ERROR;
				CLANG_WARN_UNREACHABLE_CODE = YES;
				CLANG_WARN__DUPLICATE_METHOD_MATCH = YES;
				"CODE_SIGN_IDENTITY[sdk=iphoneos*]" = "iPhone Developer";
				COPY_PHASE_STRIP = NO;
				DEBUG_INFORMATION_FORMAT = "dwarf-with-dsym";
				ENABLE_NS_ASSERTIONS = NO;
				ENABLE_STRICT_OBJC_MSGSEND = YES;
				GCC_C_LANGUAGE_STANDARD = gnu99;
				GCC_NO_COMMON_BLOCKS = YES;
				GCC_WARN_64_TO_32_BIT_CONVERSION = YES;
				GCC_WARN_ABOUT_RETURN_TYPE = YES_ERROR;
				GCC_WARN_UNDECLARED_SELECTOR = YES;
				GCC_WARN_UNINITIALIZED_AUTOS = YES_AGGRESSIVE;
				GCC_WARN_UNUSED_FUNCTION = YES;
				GCC_WARN_UNUSED_VARIABLE = YES;
				IPHONEOS_DEPLOYMENT_TARGET = 9.2;
				MTL_ENABLE_DEBUG_INFO = NO;
				SDKROOT = iphoneos;
				TARGETED_DEVICE_FAMILY = "1,2";
				VALIDATE_PRODUCT = YES;
			};
			name = Release;
		};
		50B7F8AC1C886EA50026B95F /* Debug */ = {
			isa = XCBuildConfiguration;
			baseConfigurationReference = 7B8120F5DEE341B23F051E86 /* Pods.debug.xcconfig */;
			buildSettings = {
				ASSETCATALOG_COMPILER_APPICON_NAME = AppIcon;
				CODE_SIGN_IDENTITY = "iPhone Developer";
				"CODE_SIGN_IDENTITY[sdk=iphoneos*]" = "iPhone Developer";
				FRAMEWORK_SEARCH_PATHS = (
					"$(inherited)",
					"$(PROJECT_DIR)/aggle",
				);
				INFOPLIST_FILE = aggle/Info.plist;
				IPHONEOS_DEPLOYMENT_TARGET = 9.0;
				LD_RUNPATH_SEARCH_PATHS = "$(inherited) @executable_path/Frameworks";
				PRODUCT_BUNDLE_IDENTIFIER = com.maxli.aggle;
				PRODUCT_NAME = "$(TARGET_NAME)";
				PROVISIONING_PROFILE = "";
			};
			name = Debug;
		};
		50B7F8AD1C886EA50026B95F /* Release */ = {
			isa = XCBuildConfiguration;
			baseConfigurationReference = 488765526E1E050F02943ABB /* Pods.release.xcconfig */;
			buildSettings = {
				ASSETCATALOG_COMPILER_APPICON_NAME = AppIcon;
				CODE_SIGN_IDENTITY = "iPhone Developer";
				"CODE_SIGN_IDENTITY[sdk=iphoneos*]" = "iPhone Developer";
				FRAMEWORK_SEARCH_PATHS = (
					"$(inherited)",
					"$(PROJECT_DIR)/aggle",
				);
				INFOPLIST_FILE = aggle/Info.plist;
				IPHONEOS_DEPLOYMENT_TARGET = 9.0;
				LD_RUNPATH_SEARCH_PATHS = "$(inherited) @executable_path/Frameworks";
				PRODUCT_BUNDLE_IDENTIFIER = com.maxli.aggle;
				PRODUCT_NAME = "$(TARGET_NAME)";
				PROVISIONING_PROFILE = "";
			};
			name = Release;
		};
		50B7F8AF1C886EA50026B95F /* Debug */ = {
			isa = XCBuildConfiguration;
			baseConfigurationReference = 7B8120F5DEE341B23F051E86 /* Pods.debug.xcconfig */;
			buildSettings = {
				BUNDLE_LOADER = "$(TEST_HOST)";
				INFOPLIST_FILE = aggleTests/Info.plist;
				LD_RUNPATH_SEARCH_PATHS = "$(inherited) @executable_path/Frameworks @loader_path/Frameworks";
				PRODUCT_BUNDLE_IDENTIFIER = com.maxli.aggleTests;
				PRODUCT_NAME = "$(TARGET_NAME)";
				TEST_HOST = "$(BUILT_PRODUCTS_DIR)/aggle.app/aggle";
			};
			name = Debug;
		};
		50B7F8B01C886EA50026B95F /* Release */ = {
			isa = XCBuildConfiguration;
			baseConfigurationReference = 488765526E1E050F02943ABB /* Pods.release.xcconfig */;
			buildSettings = {
				BUNDLE_LOADER = "$(TEST_HOST)";
				INFOPLIST_FILE = aggleTests/Info.plist;
				LD_RUNPATH_SEARCH_PATHS = "$(inherited) @executable_path/Frameworks @loader_path/Frameworks";
				PRODUCT_BUNDLE_IDENTIFIER = com.maxli.aggleTests;
				PRODUCT_NAME = "$(TARGET_NAME)";
				TEST_HOST = "$(BUILT_PRODUCTS_DIR)/aggle.app/aggle";
			};
			name = Release;
		};
		50B7F8B21C886EA50026B95F /* Debug */ = {
			isa = XCBuildConfiguration;
			baseConfigurationReference = 7B8120F5DEE341B23F051E86 /* Pods.debug.xcconfig */;
			buildSettings = {
				INFOPLIST_FILE = aggleUITests/Info.plist;
				LD_RUNPATH_SEARCH_PATHS = "$(inherited) @executable_path/Frameworks @loader_path/Frameworks";
				PRODUCT_BUNDLE_IDENTIFIER = com.maxli.aggleUITests;
				PRODUCT_NAME = "$(TARGET_NAME)";
				TEST_TARGET_NAME = aggle;
				USES_XCTRUNNER = YES;
			};
			name = Debug;
		};
		50B7F8B31C886EA50026B95F /* Release */ = {
			isa = XCBuildConfiguration;
			baseConfigurationReference = 488765526E1E050F02943ABB /* Pods.release.xcconfig */;
			buildSettings = {
				INFOPLIST_FILE = aggleUITests/Info.plist;
				LD_RUNPATH_SEARCH_PATHS = "$(inherited) @executable_path/Frameworks @loader_path/Frameworks";
				PRODUCT_BUNDLE_IDENTIFIER = com.maxli.aggleUITests;
				PRODUCT_NAME = "$(TARGET_NAME)";
				TEST_TARGET_NAME = aggle;
				USES_XCTRUNNER = YES;
			};
			name = Release;
		};
/* End XCBuildConfiguration section */

/* Begin XCConfigurationList section */
		50B7F87E1C886EA40026B95F /* Build configuration list for PBXProject "aggle" */ = {
			isa = XCConfigurationList;
			buildConfigurations = (
				50B7F8A91C886EA50026B95F /* Debug */,
				50B7F8AA1C886EA50026B95F /* Release */,
			);
			defaultConfigurationIsVisible = 0;
			defaultConfigurationName = Release;
		};
		50B7F8AB1C886EA50026B95F /* Build configuration list for PBXNativeTarget "aggle" */ = {
			isa = XCConfigurationList;
			buildConfigurations = (
				50B7F8AC1C886EA50026B95F /* Debug */,
				50B7F8AD1C886EA50026B95F /* Release */,
			);
			defaultConfigurationIsVisible = 0;
			defaultConfigurationName = Release;
		};
		50B7F8AE1C886EA50026B95F /* Build configuration list for PBXNativeTarget "aggleTests" */ = {
			isa = XCConfigurationList;
			buildConfigurations = (
				50B7F8AF1C886EA50026B95F /* Debug */,
				50B7F8B01C886EA50026B95F /* Release */,
			);
			defaultConfigurationIsVisible = 0;
			defaultConfigurationName = Release;
		};
		50B7F8B11C886EA50026B95F /* Build configuration list for PBXNativeTarget "aggleUITests" */ = {
			isa = XCConfigurationList;
			buildConfigurations = (
				50B7F8B21C886EA50026B95F /* Debug */,
				50B7F8B31C886EA50026B95F /* Release */,
			);
			defaultConfigurationIsVisible = 0;
			defaultConfigurationName = Release;
		};
/* End XCConfigurationList section */
	};
	rootObject = 50B7F87B1C886EA40026B95F /* Project object */;
}
